# THIS IS AN AUTOGENERATED FILE. DO NOT EDIT THIS FILE DIRECTLY.
# yarn lockfile v1


"@vuepic/vue-datepicker@^11.0.2":
  version "11.0.3"
  resolved "https://registry.yarnpkg.com/@vuepic/vue-datepicker/-/vue-datepicker-11.0.3.tgz#d8e49607d604bd75f7f724a15a195a7d139968b0"
  integrity sha512-sb2adwqwK2PizLQOpxCYps2SwhVT6/ic2HMIOqHJXuYa6iAJZWGL5YVlS7O4aW+sk6ZyxlDURLO7kDZPL4HB/w==
  dependencies:
    date-fns "^4.1.0"

date-fns@^4.1.0:
  version "4.4.0"
  resolved "https://registry.yarnpkg.com/date-fns/-/date-fns-4.4.0.tgz#806539edf45c616b2b76b5f78b88c56ed3c7e036"
  integrity sha512-+1UMbeh68lH1SegH83CGWwpb6OHHbpSgr3+s5Eww5M4CAgswBpoWS0AjTOfEJ33HiYKz1hdj/KTFprzXHmq/6w==

frappe-gantt@^0.6.1:
  version "0.6.1"
  resolved "https://registry.yarnpkg.com/frappe-gantt/-/frappe-gantt-0.6.1.tgz#57ae0b5f024101fc7cd5ba92f605de97dba9c9a1"
  integrity sha512-1cSU9vLbwypjzaxnCfnEE03Xr3HlAV2S8dRtjxw62o+amkx1A8bBIFd2jp84mcDdTCM77Ij4LzZBslAKZB8oMg==

html-to-image@^1.11.13:
  version "1.11.13"
  resolved "https://registry.yarnpkg.com/html-to-image/-/html-to-image-1.11.13.tgz#adbc989c993b7aaf90b629c0cacf833db84d5f43"
  integrity sha512-cuOPoI7WApyhBElTTb9oqsawRvZ0rHhaHwghRLlTuffoD1B2aDemlCruLeZrUIIdvG7gs9xeELEPm6PhuASqrg==

sortablejs@1.14.0:
  version "1.14.0"
  resolved "https://registry.yarnpkg.com/sortablejs/-/sortablejs-1.14.0.tgz#6d2e17ccbdb25f464734df621d4f35d4ab35b3d8"
  integrity sha512-pBXvQCs5/33fdN1/39pPL0NZF20LeRbLQ5jtnheIPN9JQAaufGjKdWduZn4U7wCtVuzKhmRkI0DFYHYRbB2H1w==

vuedraggable@^4.1.0:
  version "4.1.0"
  resolved "https://registry.yarnpkg.com/vuedraggable/-/vuedraggable-4.1.0.tgz#edece68adb8a4d9e06accff9dfc9040e66852270"
  integrity sha512-FU5HCWBmsf20GpP3eudURW3WdWTKIbEIQxh9/8GE806hydR9qZqRRxRE3RjqX7PkuLuMQG/A7n3cfj9rCEchww==
  dependencies:
    sortablejs "1.14.0"

"xlsx@https://cdn.sheetjs.com/xlsx-0.20.3/xlsx-0.20.3.tgz":
  version "0.20.3"
  resolved "https://cdn.sheetjs.com/xlsx-0.20.3/xlsx-0.20.3.tgz#992725af0bb69fa9733590fcb8ab4a57e10b929b"
